{
    "requires": true,
    "lockfileVersion": 1,
    "dependencies": {
        "angular": {
            "version": "1.6.8",
            "resolved": "https://registry.npmjs.org/angular/-/angular-1.6.8.tgz",
            "integrity": "sha512-9WErZIOw1Cu1V5Yxdvxz/6YpND8ntdP71fdPpufPFJvZodZXqCjQBYrHqEoMZreO5i84O3D/Jw/vepoFt68Azw=="
        },
        "balanced-match": {
            "version": "1.0.0",
            "resolved": "https://registry.npmjs.org/balanced-match/-/balanced-match-1.0.0.tgz",
            "integrity": "sha1-ibTRmasr7kneFk6gK4nORi1xt2c="
        },
        "brace-expansion": {
            "version": "1.1.8",
            "resolved": "https://registry.npmjs.org/brace-expansion/-/brace-expansion-1.1.8.tgz",
            "integrity": "sha1-wHshHHyVLsH479Uad+8NHTmQopI=",
            "requires": {
                "balanced-match": "1.0.0",
                "concat-map": "0.0.1"
            }
        },
        "concat-map": {
            "version": "0.0.1",
            "resolved": "https://registry.npmjs.org/concat-map/-/concat-map-0.0.1.tgz",
            "integrity": "sha1-2Klr13/Wjfd5OnMDajug1UBdR3s="
        },
        "fs.realpath": {
            "version": "1.0.0",
            "resolved": "https://registry.npmjs.org/fs.realpath/-/fs.realpath-1.0.0.tgz",
            "integrity": "sha1-FQStJSMVjKpA20onh8sBQRmU6k8="
        },
        "fullcalendar": {
            "version": "3.8.0",
            "resolved": "https://registry.npmjs.org/fullcalendar/-/fullcalendar-3.8.0.tgz",
            "integrity": "sha1-TA/klKYrCo1kDG3o64g7SaIStdw=",
            "requires": {
                "jquery": "3.2.1",
                "moment": "2.20.1"
            }
        },
        "glob": {
            "version": "7.1.2",
            "resolved": "https://registry.npmjs.org/glob/-/glob-7.1.2.tgz",
            "integrity": "sha512-MJTUg1kjuLeQCJ+ccE4Vpa6kKVXkPYJ2mOCQyUuKLcLQsdrMCpBPUi8qVE6+YuaJkozeA9NusTAw3hLr8Xe5EQ==",
            "requires": {
                "fs.realpath": "1.0.0",
                "inflight": "1.0.6",
                "inherits": "2.0.3",
                "minimatch": "3.0.4",
                "once": "1.4.0",
                "path-is-absolute": "1.0.1"
            }
        },
        "inflight": {
            "version": "1.0.6",
            "resolved": "https://registry.npmjs.org/inflight/-/inflight-1.0.6.tgz",
            "integrity": "sha1-Sb1jMdfQLQwJvJEKEHW6gWW1bfk=",
            "requires": {
                "once": "1.4.0",
                "wrappy": "1.0.2"
            }
        },
        "inherits": {
            "version": "2.0.3",
            "resolved": "https://registry.npmjs.org/inherits/-/inherits-2.0.3.tgz",
            "integrity": "sha1-Yzwsg+PaQqUC9SRmAiSA9CCCYd4="
        },
        "jalaali-js": {
            "version": "1.1.0",
            "resolved": "https://registry.npmjs.org/jalaali-js/-/jalaali-js-1.1.0.tgz",
            "integrity": "sha512-eznOFGRtHb0ttHkHf8pVYPVfKJdbOqutTwcQYACbv91Q2NiYgnM5Z6+NN/8FMAhuMDAXAmeAG9+UBzqVKdA4cg=="
        },
        "jquery": {
            "version": "3.2.1",
            "resolved": "https://registry.npmjs.org/jquery/-/jquery-3.2.1.tgz",
            "integrity": "sha1-XE2d5lKvbNCncBVKYxu6ErAVx4c="
        },
        "minimatch": {
            "version": "3.0.4",
            "resolved": "https://registry.npmjs.org/minimatch/-/minimatch-3.0.4.tgz",
            "integrity": "sha512-yJHVQEhyqPLUTgt9B83PXu6W3rx4MvvHvSUvToogpwoGDOUQ+yDrR0HRot+yOCdCO7u4hX3pWft6kWBBcqh0UA==",
            "requires": {
                "brace-expansion": "1.1.8"
            }
        },
        "moment": {
            "version": "2.20.1",
            "resolved": "https://registry.npmjs.org/moment/-/moment-2.20.1.tgz",
            "integrity": "sha512-Yh9y73JRljxW5QxN08Fner68eFLxM5ynNOAw2LbIB1YAGeQzZT8QFSUvkAz609Zf+IHhhaUxqZK8dG3W/+HEvg=="
        },
        "moment-jalaali": {
            "version": "0.7.2",
            "resolved": "https://registry.npmjs.org/moment-jalaali/-/moment-jalaali-0.7.2.tgz",
            "integrity": "sha512-CO9FG+vuuhzcyboqmocubwmVj0d0Z1QvnU1uNUzuO9ZyyMT7oJAAj1oGC1JvN9PA5GcAhDcrEQkGWim1lfRYYQ==",
            "requires": {
                "jalaali-js": "1.1.0",
                "moment": "2.20.1",
                "rimraf": "2.6.2"
            }
        },
        "ng-jalaali-flat-datepicker": {
            "version": "1.0.2",
            "resolved": "https://registry.npmjs.org/ng-jalaali-flat-datepicker/-/ng-jalaali-flat-datepicker-1.0.2.tgz",
            "integrity": "sha1-LaxlOEtYQvoJ2gZMm4XNkycj07w=",
            "requires": {
                "angular": "1.6.8",
                "moment": "2.20.1",
                "moment-jalaali": "0.4.0"
            },
            "dependencies": {
                "jalaali-js": {
                    "version": "0.2.0",
                    "resolved": "https://registry.npmjs.org/jalaali-js/-/jalaali-js-0.2.0.tgz",
                    "integrity": "sha1-EJazxyD8dOPdKt96b8AepPu0uhw="
                },
                "moment-jalaali": {
                    "version": "0.4.0",
                    "resolved": "https://registry.npmjs.org/moment-jalaali/-/moment-jalaali-0.4.0.tgz",
                    "integrity": "sha1-Z+pCmrAZTprbCS36ZA2GL6bRjSY=",
                    "requires": {
                        "jalaali-js": "0.2.0",
                        "moment": "2.20.1"
                    }
                }
            }
        },
        "ng-jalali-flat-datepicker": {
            "version": "1.0.1",
            "resolved": "https://registry.npmjs.org/ng-jalali-flat-datepicker/-/ng-jalali-flat-datepicker-1.0.1.tgz",
            "integrity": "sha1-uxdRioRbi5phYo5at/+koe7S+IU=",
            "requires": {
                "angular": "1.6.8",
                "moment": "2.20.1",
                "moment-jalaali": "0.4.0"
            },
            "dependencies": {
                "jalaali-js": {
                    "version": "0.2.0",
                    "resolved": "https://registry.npmjs.org/jalaali-js/-/jalaali-js-0.2.0.tgz",
                    "integrity": "sha1-EJazxyD8dOPdKt96b8AepPu0uhw="
                },
                "moment-jalaali": {
                    "version": "0.4.0",
                    "resolved": "https://registry.npmjs.org/moment-jalaali/-/moment-jalaali-0.4.0.tgz",
                    "integrity": "sha1-Z+pCmrAZTprbCS36ZA2GL6bRjSY=",
                    "requires": {
                        "jalaali-js": "0.2.0",
                        "moment": "2.20.1"
                    }
                }
            }
        },
        "once": {
            "version": "1.4.0",
            "resolved": "https://registry.npmjs.org/once/-/once-1.4.0.tgz",
            "integrity": "sha1-WDsap3WWHUsROsF9nFC6753Xa9E=",
            "requires": {
                "wrappy": "1.0.2"
            }
        },
        "path-is-absolute": {
            "version": "1.0.1",
            "resolved": "https://registry.npmjs.org/path-is-absolute/-/path-is-absolute-1.0.1.tgz",
            "integrity": "sha1-F0uSaHNVNP+8es5r9TpanhtcX18="
        },
        "rimraf": {
            "version": "2.6.2",
            "resolved": "https://registry.npmjs.org/rimraf/-/rimraf-2.6.2.tgz",
            "integrity": "sha512-lreewLK/BlghmxtfH36YYVg1i8IAce4TI7oao75I1g245+6BctqTVQiBP3YUJ9C6DQOXJmkYR9X9fCLtCOJc5w==",
            "requires": {
                "glob": "7.1.2"
            }
        },
        "wrappy": {
            "version": "1.0.2",
            "resolved": "https://registry.npmjs.org/wrappy/-/wrappy-1.0.2.tgz",
            "integrity": "sha1-tSQ9jz7BqjXxNkYFvA0QNuMKtp8="
        }
    }
}
